// !$*UTF8*$!
{
	archiveVersion = 1;
	classes = {
	};
	objectVersion = 56;
	objects = {

/* Begin PBXBuildFile section */
		4580BAC720F54C89AD3794B2 /* Pods_MyPhoto.framework in Frameworks */ = {isa = PBXBuildFile; fileRef = C633D7EEAB37079DCC6DC75B /* Pods_MyPhoto.framework */; };
		9EB723862A98EC700095B4F9 /* AppDelegate.swift in Sources */ = {isa = PBXBuildFile; fileRef = 9EB723852A98EC700095B4F9 /* AppDelegate.swift */; };
		9EB723882A98EC700095B4F9 /* SceneDelegate.swift in Sources */ = {isa = PBXBuildFile; fileRef = 9EB723872A98EC700095B4F9 /* SceneDelegate.swift */; };
		9EB7238A2A98EC700095B4F9 /* ViewController.swift in Sources */ = {isa = PBXBuildFile; fileRef = 9EB723892A98EC700095B4F9 /* ViewController.swift */; };
		9EB7238F2A98EC720095B4F9 /* Assets.xcassets in Resources */ = {isa = PBXBuildFile; fileRef = 9EB7238E2A98EC720095B4F9 /* Assets.xcassets */; };
		9EB723922A98EC720095B4F9 /* LaunchScreen.storyboard in Resources */ = {isa = PBXBuildFile; fileRef = 9EB723902A98EC720095B4F9 /* LaunchScreen.storyboard */; };
		9EB7239B2A98F05C0095B4F9 /* MainPresenter.swift in Sources */ = {isa = PBXBuildFile; fileRef = 9EB7239A2A98F05C0095B4F9 /* MainPresenter.swift */; };
		9EB7239D2A98F07E0095B4F9 /* Model.swift in Sources */ = {isa = PBXBuildFile; fileRef = 9EB7239C2A98F07E0095B4F9 /* Model.swift */; };
		9ED130972A98F6AC005F8A3D /* TableManager.swift in Sources */ = {isa = PBXBuildFile; fileRef = 9ED130962A98F6AC005F8A3D /* TableManager.swift */; };
		9ED130992A98FC54005F8A3D /* MainPageCell.swift in Sources */ = {isa = PBXBuildFile; fileRef = 9ED130982A98FC54005F8A3D /* MainPageCell.swift */; };
		9ED1309B2A991627005F8A3D /* NetworkManager.swift in Sources */ = {isa = PBXBuildFile; fileRef = 9ED1309A2A991627005F8A3D /* NetworkManager.swift */; };
/* End PBXBuildFile section */

/* Begin PBXFileReference section */
		36929D767EF5CD88275B8E91 /* Pods-MyPhoto.debug.xcconfig */ = {isa = PBXFileReference; includeInIndex = 1; lastKnownFileType = text.xcconfig; name = "Pods-MyPhoto.debug.xcconfig"; path = "Target Support Files/Pods-MyPhoto/Pods-MyPhoto.debug.xcconfig"; sourceTree = "<group>"; };
		53068E33F7B13BBE02113E94 /* Pods-MyPhoto.release.xcconfig */ = {isa = PBXFileReference; includeInIndex = 1; lastKnownFileType = text.xcconfig; name = "Pods-MyPhoto.release.xcconfig"; path = "Target Support Files/Pods-MyPhoto/Pods-MyPhoto.release.xcconfig"; sourceTree = "<group>"; };
		9EB723822A98EC700095B4F9 /* MyPhoto.app */ = {isa = PBXFileReference; explicitFileType = wrapper.application; includeInIndex = 0; path = MyPhoto.app; sourceTree = BUILT_PRODUCTS_DIR; };
		9EB723852A98EC700095B4F9 /* AppDelegate.swift */ = {isa = PBXFileReference; lastKnownFileType = sourcecode.swift; path = AppDelegate.swift; sourceTree = "<group>"; };
		9EB723872A98EC700095B4F9 /* SceneDelegate.swift */ = {isa = PBXFileReference; lastKnownFileType = sourcecode.swift; path = SceneDelegate.swift; sourceTree = "<group>"; };
		9EB723892A98EC700095B4F9 /* ViewController.swift */ = {isa = PBXFileReference; lastKnownFileType = sourcecode.swift; path = ViewController.swift; sourceTree = "<group>"; };
		9EB7238E2A98EC720095B4F9 /* Assets.xcassets */ = {isa = PBXFileReference; lastKnownFileType = folder.assetcatalog; path = Assets.xcassets; sourceTree = "<group>"; };
		9EB723912A98EC720095B4F9 /* Base */ = {isa = PBXFileReference; lastKnownFileType = file.storyboard; name = Base; path = Base.lproj/LaunchScreen.storyboard; sourceTree = "<group>"; };
		9EB723932A98EC720095B4F9 /* Info.plist */ = {isa = PBXFileReference; lastKnownFileType = text.plist.xml; path = Info.plist; sourceTree = "<group>"; };
		9EB7239A2A98F05C0095B4F9 /* MainPresenter.swift */ = {isa = PBXFileReference; lastKnownFileType = sourcecode.swift; path = MainPresenter.swift; sourceTree = "<group>"; };
		9EB7239C2A98F07E0095B4F9 /* Model.swift */ = {isa = PBXFileReference; lastKnownFileType = sourcecode.swift; path = Model.swift; sourceTree = "<group>"; };
		9ED130962A98F6AC005F8A3D /* TableManager.swift */ = {isa = PBXFileReference; lastKnownFileType = sourcecode.swift; path = TableManager.swift; sourceTree = "<group>"; };
		9ED130982A98FC54005F8A3D /* MainPageCell.swift */ = {isa = PBXFileReference; lastKnownFileType = sourcecode.swift; path = MainPageCell.swift; sourceTree = "<group>"; };
		9ED1309A2A991627005F8A3D /* NetworkManager.swift */ = {isa = PBXFileReference; lastKnownFileType = sourcecode.swift; path = NetworkManager.swift; sourceTree = "<group>"; };
		C633D7EEAB37079DCC6DC75B /* Pods_MyPhoto.framework */ = {isa = PBXFileReference; explicitFileType = wrapper.framework; includeInIndex = 0; path = Pods_MyPhoto.framework; sourceTree = BUILT_PRODUCTS_DIR; };
/* End PBXFileReference section */

/* Begin PBXFrameworksBuildPhase section */
		9EB7237F2A98EC700095B4F9 /* Frameworks */ = {
			isa = PBXFrameworksBuildPhase;
			buildActionMask = 2147483647;
			files = (
				4580BAC720F54C89AD3794B2 /* Pods_MyPhoto.framework in Frameworks */,
			);
			runOnlyForDeploymentPostprocessing = 0;
		};
/* End PBXFrameworksBuildPhase section */

/* Begin PBXGroup section */
		1CAE5D69991F586B0548A75F /* Pods */ = {
			isa = PBXGroup;
			children = (
				36929D767EF5CD88275B8E91 /* Pods-MyPhoto.debug.xcconfig */,
				53068E33F7B13BBE02113E94 /* Pods-MyPhoto.release.xcconfig */,
			);
			path = Pods;
			sourceTree = "<group>";
		};
		2FE138A2E56C6240655F29BD /* Frameworks */ = {
			isa = PBXGroup;
			children = (
				C633D7EEAB37079DCC6DC75B /* Pods_MyPhoto.framework */,
			);
			name = Frameworks;
			sourceTree = "<group>";
		};
		9EB723792A98EC700095B4F9 = {
			isa = PBXGroup;
			children = (
				9EB723842A98EC700095B4F9 /* MyPhoto */,
				9EB723832A98EC700095B4F9 /* Products */,
				1CAE5D69991F586B0548A75F /* Pods */,
				2FE138A2E56C6240655F29BD /* Frameworks */,
			);
			sourceTree = "<group>";
		};
		9EB723832A98EC700095B4F9 /* Products */ = {
			isa = PBXGroup;
			children = (
				9EB723822A98EC700095B4F9 /* MyPhoto.app */,
			);
			name = Products;
			sourceTree = "<group>";
		};
		9EB723842A98EC700095B4F9 /* MyPhoto */ = {
			isa = PBXGroup;
			children = (
				9EB723932A98EC720095B4F9 /* Info.plist */,
				9ED1309C2A9A4D35005F8A3D /* Networkmanager */,
				9EB7239E2A98F0950095B4F9 /* MainModule */,
				9EB723992A98EEA00095B4F9 /* App */,
				9EB7238E2A98EC720095B4F9 /* Assets.xcassets */,
				9EB723902A98EC720095B4F9 /* LaunchScreen.storyboard */,
			);
			path = MyPhoto;
			sourceTree = "<group>";
		};
		9EB723992A98EEA00095B4F9 /* App */ = {
			isa = PBXGroup;
			children = (
				9EB723872A98EC700095B4F9 /* SceneDelegate.swift */,
				9EB723852A98EC700095B4F9 /* AppDelegate.swift */,
			);
			path = App;
			sourceTree = "<group>";
		};
		9EB7239E2A98F0950095B4F9 /* MainModule */ = {
			isa = PBXGroup;
			children = (
				9EB7239A2A98F05C0095B4F9 /* MainPresenter.swift */,
				9EB7239C2A98F07E0095B4F9 /* Model.swift */,
				9EB723892A98EC700095B4F9 /* ViewController.swift */,
				9ED130962A98F6AC005F8A3D /* TableManager.swift */,
				9ED130982A98FC54005F8A3D /* MainPageCell.swift */,
			);
			path = MainModule;
			sourceTree = "<group>";
		};
		9ED1309C2A9A4D35005F8A3D /* Networkmanager */ = {
			isa = PBXGroup;
			children = (
				9ED1309A2A991627005F8A3D /* NetworkManager.swift */,
			);
			path = Networkmanager;
			sourceTree = "<group>";
		};
/* End PBXGroup section */

/* Begin PBXNativeTarget section */
		9EB723812A98EC700095B4F9 /* MyPhoto */ = {
			isa = PBXNativeTarget;
			buildConfigurationList = 9EB723962A98EC720095B4F9 /* Build configuration list for PBXNativeTarget "MyPhoto" */;
			buildPhases = (
				FF05D83D5D1572F98E228D5C /* [CP] Check Pods Manifest.lock */,
				9EB7237E2A98EC700095B4F9 /* Sources */,
				9EB7237F2A98EC700095B4F9 /* Frameworks */,
				9EB723802A98EC700095B4F9 /* Resources */,
				6E068E20EED951B4EA4A053D /* [CP] Embed Pods Frameworks */,
			);
			buildRules = (
			);
			dependencies = (
			);
			name = MyPhoto;
			productName = MyPhoto;
			productReference = 9EB723822A98EC700095B4F9 /* MyPhoto.app */;
			productType = "com.apple.product-type.application";
		};
/* End PBXNativeTarget section */

/* Begin PBXProject section */
		9EB7237A2A98EC700095B4F9 /* Project object */ = {
			isa = PBXProject;
			attributes = {
				BuildIndependentTargetsInParallel = 1;
				LastSwiftUpdateCheck = 1420;
				LastUpgradeCheck = 1420;
				TargetAttributes = {
					9EB723812A98EC700095B4F9 = {
						CreatedOnToolsVersion = 14.2;
					};
				};
			};
			buildConfigurationList = 9EB7237D2A98EC700095B4F9 /* Build configuration list for PBXProject "MyPhoto" */;
			compatibilityVersion = "Xcode 14.0";
			developmentRegion = en;
			hasScannedForEncodings = 0;
			knownRegions = (
				en,
				Base,
			);
			mainGroup = 9EB723792A98EC700095B4F9;
			productRefGroup = 9EB723832A98EC700095B4F9 /* Products */;
			projectDirPath = "";
			projectRoot = "";
			targets = (
				9EB723812A98EC700095B4F9 /* MyPhoto */,
			);
		};
/* End PBXProject section */

/* Begin PBXResourcesBuildPhase section */
		9EB723802A98EC700095B4F9 /* Resources */ = {
			isa = PBXResourcesBuildPhase;
			buildActionMask = 2147483647;
			files = (
				9EB723922A98EC720095B4F9 /* LaunchScreen.storyboard in Resources */,
				9EB7238F2A98EC720095B4F9 /* Assets.xcassets in Resources */,
			);
			runOnlyForDeploymentPostprocessing = 0;
		};
/* End PBXResourcesBuildPhase section */

/* Begin PBXShellScriptBuildPhase section */
		6E068E20EED951B4EA4A053D /* [CP] Embed Pods Frameworks */ = {
			isa = PBXShellScriptBuildPhase;
			buildActionMask = 2147483647;
			files = (
			);
			inputFileListPaths = (
				"${PODS_ROOT}/Target Support Files/Pods-MyPhoto/Pods-MyPhoto-frameworks-${CONFIGURATION}-input-files.xcfilelist",
			);
			name = "[CP] Embed Pods Frameworks";
			outputFileListPaths = (
				"${PODS_ROOT}/Target Support Files/Pods-MyPhoto/Pods-MyPhoto-frameworks-${CONFIGURATION}-output-files.xcfilelist",
			);
			runOnlyForDeploymentPostprocessing = 0;
			shellPath = /bin/sh;
			shellScript = "\"${PODS_ROOT}/Target Support Files/Pods-MyPhoto/Pods-MyPhoto-frameworks.sh\"\n";
			showEnvVarsInLog = 0;
		};
		FF05D83D5D1572F98E228D5C /* [CP] Check Pods Manifest.lock */ = {
			isa = PBXShellScriptBuildPhase;
			buildActionMask = 2147483647;
			files = (
			);
			inputFileListPaths = (
			);
			inputPaths = (
				"${PODS_PODFILE_DIR_PATH}/Podfile.lock",
				"${PODS_ROOT}/Manifest.lock",
			);
			name = "[CP] Check Pods Manifest.lock";
			outputFileListPaths = (
			);
			outputPaths = (
				"$(DERIVED_FILE_DIR)/Pods-MyPhoto-checkManifestLockResult.txt",
			);
			runOnlyForDeploymentPostprocessing = 0;
			shellPath = /bin/sh;
			shellScript = "diff \"${PODS_PODFILE_DIR_PATH}/Podfile.lock\" \"${PODS_ROOT}/Manifest.lock\" > /dev/null\nif [ $? != 0 ] ; then\n    # print error to STDERR\n    echo \"error: The sandbox is not in sync with the Podfile.lock. Run 'pod install' or update your CocoaPods installation.\" >&2\n    exit 1\nfi\n# This output is used by Xcode 'outputs' to avoid re-running this script phase.\necho \"SUCCESS\" > \"${SCRIPT_OUTPUT_FILE_0}\"\n";
			showEnvVarsInLog = 0;
		};
/* End PBXShellScriptBuildPhase section */

/* Begin PBXSourcesBuildPhase section */
		9EB7237E2A98EC700095B4F9 /* Sources */ = {
			isa = PBXSourcesBuildPhase;
			buildActionMask = 2147483647;
			files = (
				9EB7239D2A98F07E0095B4F9 /* Model.swift in Sources */,
				9ED130992A98FC54005F8A3D /* MainPageCell.swift in Sources */,
				9ED130972A98F6AC005F8A3D /* TableManager.swift in Sources */,
				9EB7238A2A98EC700095B4F9 /* ViewController.swift in Sources */,
				9EB723862A98EC700095B4F9 /* AppDelegate.swift in Sources */,
				9EB723882A98EC700095B4F9 /* SceneDelegate.swift in Sources */,
				9ED1309B2A991627005F8A3D /* NetworkManager.swift in Sources */,
				9EB7239B2A98F05C0095B4F9 /* MainPresenter.swift in Sources */,
			);
			runOnlyForDeploymentPostprocessing = 0;
		};
/* End PBXSourcesBuildPhase section */

/* Begin PBXVariantGroup section */
		9EB723902A98EC720095B4F9 /* LaunchScreen.storyboard */ = {
			isa = PBXVariantGroup;
			children = (
				9EB723912A98EC720095B4F9 /* Base */,
			);
			name = LaunchScreen.storyboard;
			sourceTree = "<group>";
		};
/* End PBXVariantGroup section */

/* Begin XCBuildConfiguration section */
		9EB723942A98EC720095B4F9 /* Debug */ = {
			isa = XCBuildConfiguration;
			buildSettings = {
				ALWAYS_SEARCH_USER_PATHS = NO;
				CLANG_ANALYZER_NONNULL = YES;
				CLANG_ANALYZER_NUMBER_OBJECT_CONVERSION = YES_AGGRESSIVE;
				CLANG_CXX_LANGUAGE_STANDARD = "gnu++20";
				CLANG_ENABLE_MODULES = YES;
				CLANG_ENABLE_OBJC_ARC = YES;
				CLANG_ENABLE_OBJC_WEAK = YES;
				CLANG_WARN_BLOCK_CAPTURE_AUTORELEASING = YES;
				CLANG_WARN_BOOL_CONVERSION = YES;
				CLANG_WARN_COMMA = YES;
				CLANG_WARN_CONSTANT_CONVERSION = YES;
				CLANG_WARN_DEPRECATED_OBJC_IMPLEMENTATIONS = YES;
				CLANG_WARN_DIRECT_OBJC_ISA_USAGE = YES_ERROR;
				CLANG_WARN_DOCUMENTATION_COMMENTS = YES;
				CLANG_WARN_EMPTY_BODY = YES;
				CLANG_WARN_ENUM_CONVERSION = YES;
				CLANG_WARN_INFINITE_RECURSION = YES;
				CLANG_WARN_INT_CONVERSION = YES;
				CLANG_WARN_NON_LITERAL_NULL_CONVERSION = YES;
				CLANG_WARN_OBJC_IMPLICIT_RETAIN_SELF = YES;
				CLANG_WARN_OBJC_LITERAL_CONVERSION = YES;
				CLANG_WARN_OBJC_ROOT_CLASS = YES_ERROR;
				CLANG_WARN_QUOTED_INCLUDE_IN_FRAMEWORK_HEADER = YES;
				CLANG_WARN_RANGE_LOOP_ANALYSIS = YES;
				CLANG_WARN_STRICT_PROTOTYPES = YES;
				CLANG_WARN_SUSPICIOUS_MOVE = YES;
				CLANG_WARN_UNGUARDED_AVAILABILITY = YES_AGGRESSIVE;
				CLANG_WARN_UNREACHABLE_CODE = YES;
				CLANG_WARN__DUPLICATE_METHOD_MATCH = YES;
				COPY_PHASE_STRIP = NO;
				DEBUG_INFORMATION_FORMAT = dwarf;
				ENABLE_STRICT_OBJC_MSGSEND = YES;
				ENABLE_TESTABILITY = YES;
				GCC_C_LANGUAGE_STANDARD = gnu11;
				GCC_DYNAMIC_NO_PIC = NO;
				GCC_NO_COMMON_BLOCKS = YES;
				GCC_OPTIMIZATION_LEVEL = 0;
				GCC_PREPROCESSOR_DEFINITIONS = (
					"DEBUG=1",
					"$(inherited)",
				);
				GCC_WARN_64_TO_32_BIT_CONVERSION = YES;
				GCC_WARN_ABOUT_RETURN_TYPE = YES_ERROR;
				GCC_WARN_UNDECLARED_SELECTOR = YES;
				GCC_WARN_UNINITIALIZED_AUTOS = YES_AGGRESSIVE;
				GCC_WARN_UNUSED_FUNCTION = YES;
				GCC_WARN_UNUSED_VARIABLE = YES;
				IPHONEOS_DEPLOYMENT_TARGET = 16.2;
				MTL_ENABLE_DEBUG_INFO = INCLUDE_SOURCE;
				MTL_FAST_MATH = YES;
				ONLY_ACTIVE_ARCH = YES;
				SDKROOT = iphoneos;
				SWIFT_ACTIVE_COMPILATION_CONDITIONS = DEBUG;
				SWIFT_OPTIMIZATION_LEVEL = "-Onone";
			};
			name = Debug;
		};
		9EB723952A98EC720095B4F9 /* Release */ = {
			isa = XCBuildConfiguration;
			buildSettings = {
				ALWAYS_SEARCH_USER_PATHS = NO;
				CLANG_ANALYZER_NONNULL = YES;
				CLANG_ANALYZER_NUMBER_OBJECT_CONVERSION = YES_AGGRESSIVE;
				CLANG_CXX_LANGUAGE_STANDARD = "gnu++20";
				CLANG_ENABLE_MODULES = YES;
				CLANG_ENABLE_OBJC_ARC = YES;
				CLANG_ENABLE_OBJC_WEAK = YES;
				CLANG_WARN_BLOCK_CAPTURE_AUTORELEASING = YES;
				CLANG_WARN_BOOL_CONVERSION = YES;
				CLANG_WARN_COMMA = YES;
				CLANG_WARN_CONSTANT_CONVERSION = YES;
				CLANG_WARN_DEPRECATED_OBJC_IMPLEMENTATIONS = YES;
				CLANG_WARN_DIRECT_OBJC_ISA_USAGE = YES_ERROR;
				CLANG_WARN_DOCUMENTATION_COMMENTS = YES;
				CLANG_WARN_EMPTY_BODY = YES;
				CLANG_WARN_ENUM_CONVERSION = YES;
				CLANG_WARN_INFINITE_RECURSION = YES;
				CLANG_WARN_INT_CONVERSION = YES;
				CLANG_WARN_NON_LITERAL_NULL_CONVERSION = YES;
				CLANG_WARN_OBJC_IMPLICIT_RETAIN_SELF = YES;
				CLANG_WARN_OBJC_LITERAL_CONVERSION = YES;
				CLANG_WARN_OBJC_ROOT_CLASS = YES_ERROR;
				CLANG_WARN_QUOTED_INCLUDE_IN_FRAMEWORK_HEADER = YES;
				CLANG_WARN_RANGE_LOOP_ANALYSIS = YES;
				CLANG_WARN_STRICT_PROTOTYPES = YES;
				CLANG_WARN_SUSPICIOUS_MOVE = YES;
				CLANG_WARN_UNGUARDED_AVAILABILITY = YES_AGGRESSIVE;
				CLANG_WARN_UNREACHABLE_CODE = YES;
				CLANG_WARN__DUPLICATE_METHOD_MATCH = YES;
				COPY_PHASE_STRIP = NO;
				DEBUG_INFORMATION_FORMAT = "dwarf-with-dsym";
				ENABLE_NS_ASSERTIONS = NO;
				ENABLE_STRICT_OBJC_MSGSEND = YES;
				GCC_C_LANGUAGE_STANDARD = gnu11;
				GCC_NO_COMMON_BLOCKS = YES;
				GCC_WARN_64_TO_32_BIT_CONVERSION = YES;
				GCC_WARN_ABOUT_RETURN_TYPE = YES_ERROR;
				GCC_WARN_UNDECLARED_SELECTOR = YES;
				GCC_WARN_UNINITIALIZED_AUTOS = YES_AGGRESSIVE;
				GCC_WARN_UNUSED_FUNCTION = YES;
				GCC_WARN_UNUSED_VARIABLE = YES;
				IPHONEOS_DEPLOYMENT_TARGET = 16.2;
				MTL_ENABLE_DEBUG_INFO = NO;
				MTL_FAST_MATH = YES;
				SDKROOT = iphoneos;
				SWIFT_COMPILATION_MODE = wholemodule;
				SWIFT_OPTIMIZATION_LEVEL = "-O";
				VALIDATE_PRODUCT = YES;
			};
			name = Release;
		};
		9EB723972A98EC720095B4F9 /* Debug */ = {
			isa = XCBuildConfiguration;
			baseConfigurationReference = 36929D767EF5CD88275B8E91 /* Pods-MyPhoto.debug.xcconfig */;
			buildSettings = {
				ASSETCATALOG_COMPILER_APPICON_NAME = AppIcon;
				ASSETCATALOG_COMPILER_GLOBAL_ACCENT_COLOR_NAME = AccentColor;
				CODE_SIGN_STYLE = Automatic;
				CURRENT_PROJECT_VERSION = 1;
				DEVELOPMENT_TEAM = 22RQ4K9CV8;
				GENERATE_INFOPLIST_FILE = YES;
				INFOPLIST_FILE = MyPhoto/Info.plist;
				INFOPLIST_KEY_UIApplicationSupportsIndirectInputEvents = YES;
				INFOPLIST_KEY_UILaunchStoryboardName = LaunchScreen;
				INFOPLIST_KEY_UISupportedInterfaceOrientations_iPad = "UIInterfaceOrientationPortrait UIInterfaceOrientationPortraitUpsideDown UIInterfaceOrientationLandscapeLeft UIInterfaceOrientationLandscapeRight";
				INFOPLIST_KEY_UISupportedInterfaceOrientations_iPhone = "UIInterfaceOrientationPortrait UIInterfaceOrientationLandscapeLeft UIInterfaceOrientationLandscapeRight";
				LD_RUNPATH_SEARCH_PATHS = (
					"$(inherited)",
					"@executable_path/Frameworks",
				);
				MARKETING_VERSION = 1.0;
				PRODUCT_BUNDLE_IDENTIFIER = com.Bulat.TestCoreData.MyPhoto;
				PRODUCT_NAME = "$(TARGET_NAME)";
				SWIFT_EMIT_LOC_STRINGS = YES;
				SWIFT_VERSION = 5.0;
				TARGETED_DEVICE_FAMILY = "1,2";
			};
			name = Debug;
		};
		9EB723982A98EC720095B4F9 /* Release */ = {
			isa = XCBuildConfiguration;
			baseConfigurationReference = 53068E33F7B13BBE02113E94 /* Pods-MyPhoto.release.xcconfig */;
			buildSettings = {
				ASSETCATALOG_COMPILER_APPICON_NAME = AppIcon;
				ASSETCATALOG_COMPILER_GLOBAL_ACCENT_COLOR_NAME = AccentColor;
				CODE_SIGN_STYLE = Automatic;
				CURRENT_PROJECT_VERSION = 1;
				DEVELOPMENT_TEAM = 22RQ4K9CV8;
				GENERATE_INFOPLIST_FILE = YES;
				INFOPLIST_FILE = MyPhoto/Info.plist;
				INFOPLIST_KEY_UIApplicationSupportsIndirectInputEvents = YES;
				INFOPLIST_KEY_UILaunchStoryboardName = LaunchScreen;
				INFOPLIST_KEY_UISupportedInterfaceOrientations_iPad = "UIInterfaceOrientationPortrait UIInterfaceOrientationPortraitUpsideDown UIInterfaceOrientationLandscapeLeft UIInterfaceOrientationLandscapeRight";
				INFOPLIST_KEY_UISupportedInterfaceOrientations_iPhone = "UIInterfaceOrientationPortrait UIInterfaceOrientationLandscapeLeft UIInterfaceOrientationLandscapeRight";
				LD_RUNPATH_SEARCH_PATHS = (
					"$(inherited)",
					"@executable_path/Frameworks",
				);
				MARKETING_VERSION = 1.0;
				PRODUCT_BUNDLE_IDENTIFIER = com.Bulat.TestCoreData.MyPhoto;
				PRODUCT_NAME = "$(TARGET_NAME)";
				SWIFT_EMIT_LOC_STRINGS = YES;
				SWIFT_VERSION = 5.0;
				TARGETED_DEVICE_FAMILY = "1,2";
			};
			name = Release;
		};
/* End XCBuildConfiguration section */

/* Begin XCConfigurationList section */
		9EB7237D2A98EC700095B4F9 /* Build configuration list for PBXProject "MyPhoto" */ = {
			isa = XCConfigurationList;
			buildConfigurations = (
				9EB723942A98EC720095B4F9 /* Debug */,
				9EB723952A98EC720095B4F9 /* Release */,
			);
			defaultConfigurationIsVisible = 0;
			defaultConfigurationName = Release;
		};
		9EB723962A98EC720095B4F9 /* Build configuration list for PBXNativeTarget "MyPhoto" */ = {
			isa = XCConfigurationList;
			buildConfigurations = (
				9EB723972A98EC720095B4F9 /* Debug */,
				9EB723982A98EC720095B4F9 /* Release */,
			);
			defaultConfigurationIsVisible = 0;
			defaultConfigurationName = Release;
		};
/* End XCConfigurationList section */
	};
	rootObject = 9EB7237A2A98EC700095B4F9 /* Project object */;
}
